
Microsoft Visual Studio Solution File, Format Version 12.00
# Visual Studio Version 17
VisualStudioVersion = 17.13.35828.75
MinimumVisualStudioVersion = 10.0.40219.1
Project("{2150E333-8FDC-42A3-9474-1A3956D46DE8}") = "DesignPatterns", "DesignPatterns", "{36D591C7-65C7-A0D1-1CBC-10CDE441BDC8}"
EndProject
Project("{FAE04EC0-301F-11D3-BF4B-00C04F79EFBC}") = "DesignPatternsBasics", "DesignPatterns\DesignPatternsBasics\DesignPatternsBasics.csproj", "{5724BB80-6B23-4A18-B940-CC609FEEA02F}"
EndProject
Project("{2150E333-8FDC-42A3-9474-1A3956D46DE8}") = "CreationalDesignPatterns", "CreationalDesignPatterns", "{DA8A7032-0074-48B8-BF0E-D16BE2F8FBD4}"
EndProject
Project("{FAE04EC0-301F-11D3-BF4B-00C04F79EFBC}") = "FactoryMethod", "DesignPatterns\CreationalDesignPatterns\FactoryMethod\FactoryMethod.csproj", "{4AE45E63-B6DE-4AAE-BB00-C0DF3A85AFCD}"
EndProject
Project("{FAE04EC0-301F-11D3-BF4B-00C04F79EFBC}") = "AbstractFactory", "DesignPatterns\CreationalDesignPatterns\AbstractFactory\AbstractFactory.csproj", "{9C7E48EB-B792-4421-A788-F2B8B4D70204}"
EndProject
Project("{FAE04EC0-301F-11D3-BF4B-00C04F79EFBC}") = "Singleton", "DesignPatterns\CreationalDesignPatterns\Singleton\Singleton.csproj", "{FD7E420F-1BD3-42D6-ABAC-2668D356ABD3}"
EndProject
Project("{FAE04EC0-301F-11D3-BF4B-00C04F79EFBC}") = "Prototype", "DesignPatterns\CreationalDesignPatterns\Prototype\Prototype.csproj", "{9B488323-5FE2-472B-A2BC-5C3BD136FA9C}"
EndProject
Project("{FAE04EC0-301F-11D3-BF4B-00C04F79EFBC}") = "Builder", "DesignPatterns\CreationalDesignPatterns\Builder\Builder.csproj", "{B435FAC5-888D-468D-88A8-8D6D65830209}"
EndProject
Project("{2150E333-8FDC-42A3-9474-1A3956D46DE8}") = "BehavioralDesignPatterns", "BehavioralDesignPatterns", "{A9F3187D-7E67-45A7-B72F-5CD2E479039D}"
EndProject
Project("{FAE04EC0-301F-11D3-BF4B-00C04F79EFBC}") = "Strategy", "DesignPatterns\BehavioralDesignPatterns\Strategy\Strategy.csproj", "{96508956-9C07-4A47-BCE8-58F6756D12BC}"
EndProject
Project("{FAE04EC0-301F-11D3-BF4B-00C04F79EFBC}") = "Observer", "DesignPatterns\BehavioralDesignPatterns\Observer\Observer.csproj", "{21FB54D5-0E19-477A-9AA7-05ED2B500FC0}"
EndProject
Project("{FAE04EC0-301F-11D3-BF4B-00C04F79EFBC}") = "Command", "DesignPatterns\BehavioralDesignPatterns\Command\Command.csproj", "{E7D7B721-83AF-40F0-9A05-90FDF5105F70}"
EndProject
Project("{FAE04EC0-301F-11D3-BF4B-00C04F79EFBC}") = "TemplateMethod", "DesignPatterns\BehavioralDesignPatterns\TemplateMethod\TemplateMethod.csproj", "{06B42C4A-A268-4966-AE95-4FF35B747E0E}"
EndProject
Project("{FAE04EC0-301F-11D3-BF4B-00C04F79EFBC}") = "Iterator", "DesignPatterns\BehavioralDesignPatterns\Iterator\Iterator.csproj", "{9E1BDB5A-A76E-44DD-AE28-D149B0EB3EE3}"
EndProject
Project("{FAE04EC0-301F-11D3-BF4B-00C04F79EFBC}") = "State", "DesignPatterns\BehavioralDesignPatterns\State\State.csproj", "{5A7647F4-CADB-42BD-890E-F3B7F5B5142E}"
EndProject
Project("{FAE04EC0-301F-11D3-BF4B-00C04F79EFBC}") = "ChainOfResponsibility", "DesignPatterns\BehavioralDesignPatterns\ChainOfResponsibility\ChainOfResponsibility.csproj", "{36D29C1A-DA18-48D1-A1D9-C35B98BCF30A}"
EndProject
Project("{FAE04EC0-301F-11D3-BF4B-00C04F79EFBC}") = "Interpreter", "DesignPatterns\BehavioralDesignPatterns\Interpreter\Interpreter.csproj", "{A830EA44-67E6-4417-8504-3854DEDD899E}"
EndProject
Project("{FAE04EC0-301F-11D3-BF4B-00C04F79EFBC}") = "Mediator", "DesignPatterns\BehavioralDesignPatterns\Mediator\Mediator.csproj", "{923A1F76-ADC7-4169-A821-08CFE330F370}"
EndProject
Project("{FAE04EC0-301F-11D3-BF4B-00C04F79EFBC}") = "Memento", "DesignPatterns\BehavioralDesignPatterns\Memento\Memento.csproj", "{B8173643-A5FE-4D78-982E-3EA3B4093E99}"
EndProject
Project("{FAE04EC0-301F-11D3-BF4B-00C04F79EFBC}") = "Visitor", "DesignPatterns\BehavioralDesignPatterns\Visitor\Visitor.csproj", "{2C07C1AA-6E97-43B3-A2BD-8DC12FB14FF0}"
EndProject
Project("{2150E333-8FDC-42A3-9474-1A3956D46DE8}") = "StructuralDesignPatterns", "StructuralDesignPatterns", "{7C2E8996-236A-47F1-B24C-A55619979D5B}"
EndProject
Project("{FAE04EC0-301F-11D3-BF4B-00C04F79EFBC}") = "Decorator", "DesignPatterns\StructuralDesignPatterns\Decorator\Decorator.csproj", "{6C7DCD5F-7B6B-4C1E-8C34-EE74BA6B09A0}"
EndProject
Project("{FAE04EC0-301F-11D3-BF4B-00C04F79EFBC}") = "Adapter", "DesignPatterns\StructuralDesignPatterns\Adapter\Adapter.csproj", "{ADBECF8D-5617-4F26-AB17-373F8DCFEEC3}"
EndProject
Project("{FAE04EC0-301F-11D3-BF4B-00C04F79EFBC}") = "Facade", "DesignPatterns\StructuralDesignPatterns\Facade\Facade.csproj", "{F0FF5F2C-9FFE-42E1-A635-671D14AF5C09}"
EndProject
Project("{FAE04EC0-301F-11D3-BF4B-00C04F79EFBC}") = "Composite", "DesignPatterns\StructuralDesignPatterns\Composite\Composite.csproj", "{26B142B5-FCD9-4FC1-9FD6-2303FC8DD603}"
EndProject
Project("{FAE04EC0-301F-11D3-BF4B-00C04F79EFBC}") = "Proxy", "DesignPatterns\StructuralDesignPatterns\Proxy\Proxy.csproj", "{A95A776E-D4C5-4AC6-84CF-10AA2C7BACCF}"
EndProject
Project("{FAE04EC0-301F-11D3-BF4B-00C04F79EFBC}") = "Bridge", "DesignPatterns\StructuralDesignPatterns\Bridge\Bridge.csproj", "{111670C4-1547-4A6D-A745-76DC4D078787}"
EndProject
Project("{FAE04EC0-301F-11D3-BF4B-00C04F79EFBC}") = "Flyweight", "DesignPatterns\StructuralDesignPatterns\Flyweight\Flyweight.csproj", "{1D29023D-E5CD-4317-8C73-B5242CE68AC8}"
EndProject
Project("{2150E333-8FDC-42A3-9474-1A3956D46DE8}") = "SolidPrinciples", "SolidPrinciples", "{0AD019E8-A413-407C-8A6E-15C021EEA983}"
EndProject
Project("{FAE04EC0-301F-11D3-BF4B-00C04F79EFBC}") = "SingleResponsibilityPrinciple", "DesignPatterns\SolidPrinciples\SingleResponsibilityPrinciple\SingleResponsibilityPrinciple.csproj", "{F91177C8-6E6F-41BE-B08B-6483AAB7A620}"
EndProject
Project("{FAE04EC0-301F-11D3-BF4B-00C04F79EFBC}") = "OpenClosedPrinciple", "DesignPatterns\SolidPrinciples\OpenClosedPrinciple\OpenClosedPrinciple.csproj", "{A51472E0-9F57-425D-83D3-0EBC2F5C5495}"
EndProject
Project("{FAE04EC0-301F-11D3-BF4B-00C04F79EFBC}") = "LiskovSubstitutionPrinciple", "DesignPatterns\SolidPrinciples\LiskovSubstitutionPrinciple\LiskovSubstitutionPrinciple.csproj", "{09DA0A78-4B7F-4C67-973C-DA4FAD5743E4}"
EndProject
Project("{FAE04EC0-301F-11D3-BF4B-00C04F79EFBC}") = "InterfaceSegregationPrinciple", "DesignPatterns\InterfaceSegregationPrinciple\InterfaceSegregationPrinciple.csproj", "{0FB8BC77-8797-43DA-B973-FD1F00C24DB1}"
EndProject
Project("{FAE04EC0-301F-11D3-BF4B-00C04F79EFBC}") = "DependencyInversionPrinciple", "DesignPatterns\SolidPrinciples\DependencyInversionPrinciple\DependencyInversionPrinciple.csproj", "{3226DC2F-3803-43B6-957D-C6A7B9615965}"
EndProject
Project("{FAE04EC0-301F-11D3-BF4B-00C04F79EFBC}") = "FluentBuilder", "DesignPatterns\CreationalDesignPatterns\FluentBuilder\FluentBuilder.csproj", "{26402C03-10D0-4E8E-BDF0-0C31F6BC3BB7}"
EndProject
Project("{2150E333-8FDC-42A3-9474-1A3956D46DE8}") = "Principles", "Principles", "{250ADF59-D06A-4502-A9F7-0B2A0813C703}"
EndProject
Project("{FAE04EC0-301F-11D3-BF4B-00C04F79EFBC}") = "TellDontAsk", "DesignPatterns\Principles\TellDontAsk\TellDontAsk.csproj", "{E04746F5-438B-4414-AD99-12EA214DCEE4}"
EndProject
Project("{2150E333-8FDC-42A3-9474-1A3956D46DE8}") = "ASP.NET Core 8", "ASP.NET Core 8", "{B0F1BD0B-8C79-47B7-BD10-3929E9314954}"
EndProject
Project("{2150E333-8FDC-42A3-9474-1A3956D46DE8}") = "Basics", "Basics", "{DC7EF512-3286-4326-87BC-57B53726D302}"
EndProject
Project("{FAE04EC0-301F-11D3-BF4B-00C04F79EFBC}") = "HelloApp", "ASP.NET Core 8\Basics\HelloApp\HelloApp\HelloApp.csproj", "{5E08F0B7-8966-0912-161D-8C1A48C3A7A7}"
EndProject
Project("{FAE04EC0-301F-11D3-BF4B-00C04F79EFBC}") = "HttpRequestApp", "ASP.NET Core 8\Basics\HttpRequestApp\HttpRequestApp\HttpRequestApp.csproj", "{832C4CF0-3271-21AF-E91B-4FDE2E0CE1E3}"
EndProject
Global
	GlobalSection(SolutionConfigurationPlatforms) = preSolution
		Debug|Any CPU = Debug|Any CPU
		Release|Any CPU = Release|Any CPU
	EndGlobalSection
	GlobalSection(ProjectConfigurationPlatforms) = postSolution
		{5724BB80-6B23-4A18-B940-CC609FEEA02F}.Debug|Any CPU.ActiveCfg = Debug|Any CPU
		{5724BB80-6B23-4A18-B940-CC609FEEA02F}.Debug|Any CPU.Build.0 = Debug|Any CPU
		{5724BB80-6B23-4A18-B940-CC609FEEA02F}.Release|Any CPU.ActiveCfg = Release|Any CPU
		{5724BB80-6B23-4A18-B940-CC609FEEA02F}.Release|Any CPU.Build.0 = Release|Any CPU
		{4AE45E63-B6DE-4AAE-BB00-C0DF3A85AFCD}.Debug|Any CPU.ActiveCfg = Debug|Any CPU
		{4AE45E63-B6DE-4AAE-BB00-C0DF3A85AFCD}.Debug|Any CPU.Build.0 = Debug|Any CPU
		{4AE45E63-B6DE-4AAE-BB00-C0DF3A85AFCD}.Release|Any CPU.ActiveCfg = Release|Any CPU
		{4AE45E63-B6DE-4AAE-BB00-C0DF3A85AFCD}.Release|Any CPU.Build.0 = Release|Any CPU
		{9C7E48EB-B792-4421-A788-F2B8B4D70204}.Debug|Any CPU.ActiveCfg = Debug|Any CPU
		{9C7E48EB-B792-4421-A788-F2B8B4D70204}.Debug|Any CPU.Build.0 = Debug|Any CPU
		{9C7E48EB-B792-4421-A788-F2B8B4D70204}.Release|Any CPU.ActiveCfg = Release|Any CPU
		{9C7E48EB-B792-4421-A788-F2B8B4D70204}.Release|Any CPU.Build.0 = Release|Any CPU
		{FD7E420F-1BD3-42D6-ABAC-2668D356ABD3}.Debug|Any CPU.ActiveCfg = Debug|Any CPU
		{FD7E420F-1BD3-42D6-ABAC-2668D356ABD3}.Debug|Any CPU.Build.0 = Debug|Any CPU
		{FD7E420F-1BD3-42D6-ABAC-2668D356ABD3}.Release|Any CPU.ActiveCfg = Release|Any CPU
		{FD7E420F-1BD3-42D6-ABAC-2668D356ABD3}.Release|Any CPU.Build.0 = Release|Any CPU
		{9B488323-5FE2-472B-A2BC-5C3BD136FA9C}.Debug|Any CPU.ActiveCfg = Debug|Any CPU
		{9B488323-5FE2-472B-A2BC-5C3BD136FA9C}.Debug|Any CPU.Build.0 = Debug|Any CPU
		{9B488323-5FE2-472B-A2BC-5C3BD136FA9C}.Release|Any CPU.ActiveCfg = Release|Any CPU
		{9B488323-5FE2-472B-A2BC-5C3BD136FA9C}.Release|Any CPU.Build.0 = Release|Any CPU
		{B435FAC5-888D-468D-88A8-8D6D65830209}.Debug|Any CPU.ActiveCfg = Debug|Any CPU
		{B435FAC5-888D-468D-88A8-8D6D65830209}.Debug|Any CPU.Build.0 = Debug|Any CPU
		{B435FAC5-888D-468D-88A8-8D6D65830209}.Release|Any CPU.ActiveCfg = Release|Any CPU
		{B435FAC5-888D-468D-88A8-8D6D65830209}.Release|Any CPU.Build.0 = Release|Any CPU
		{96508956-9C07-4A47-BCE8-58F6756D12BC}.Debug|Any CPU.ActiveCfg = Debug|Any CPU
		{96508956-9C07-4A47-BCE8-58F6756D12BC}.Debug|Any CPU.Build.0 = Debug|Any CPU
		{96508956-9C07-4A47-BCE8-58F6756D12BC}.Release|Any CPU.ActiveCfg = Release|Any CPU
		{96508956-9C07-4A47-BCE8-58F6756D12BC}.Release|Any CPU.Build.0 = Release|Any CPU
		{21FB54D5-0E19-477A-9AA7-05ED2B500FC0}.Debug|Any CPU.ActiveCfg = Debug|Any CPU
		{21FB54D5-0E19-477A-9AA7-05ED2B500FC0}.Debug|Any CPU.Build.0 = Debug|Any CPU
		{21FB54D5-0E19-477A-9AA7-05ED2B500FC0}.Release|Any CPU.ActiveCfg = Release|Any CPU
		{21FB54D5-0E19-477A-9AA7-05ED2B500FC0}.Release|Any CPU.Build.0 = Release|Any CPU
		{E7D7B721-83AF-40F0-9A05-90FDF5105F70}.Debug|Any CPU.ActiveCfg = Debug|Any CPU
		{E7D7B721-83AF-40F0-9A05-90FDF5105F70}.Debug|Any CPU.Build.0 = Debug|Any CPU
		{E7D7B721-83AF-40F0-9A05-90FDF5105F70}.Release|Any CPU.ActiveCfg = Release|Any CPU
		{E7D7B721-83AF-40F0-9A05-90FDF5105F70}.Release|Any CPU.Build.0 = Release|Any CPU
		{06B42C4A-A268-4966-AE95-4FF35B747E0E}.Debug|Any CPU.ActiveCfg = Debug|Any CPU
		{06B42C4A-A268-4966-AE95-4FF35B747E0E}.Debug|Any CPU.Build.0 = Debug|Any CPU
		{06B42C4A-A268-4966-AE95-4FF35B747E0E}.Release|Any CPU.ActiveCfg = Release|Any CPU
		{06B42C4A-A268-4966-AE95-4FF35B747E0E}.Release|Any CPU.Build.0 = Release|Any CPU
		{9E1BDB5A-A76E-44DD-AE28-D149B0EB3EE3}.Debug|Any CPU.ActiveCfg = Debug|Any CPU
		{9E1BDB5A-A76E-44DD-AE28-D149B0EB3EE3}.Debug|Any CPU.Build.0 = Debug|Any CPU
		{9E1BDB5A-A76E-44DD-AE28-D149B0EB3EE3}.Release|Any CPU.ActiveCfg = Release|Any CPU
		{9E1BDB5A-A76E-44DD-AE28-D149B0EB3EE3}.Release|Any CPU.Build.0 = Release|Any CPU
		{5A7647F4-CADB-42BD-890E-F3B7F5B5142E}.Debug|Any CPU.ActiveCfg = Debug|Any CPU
		{5A7647F4-CADB-42BD-890E-F3B7F5B5142E}.Debug|Any CPU.Build.0 = Debug|Any CPU
		{5A7647F4-CADB-42BD-890E-F3B7F5B5142E}.Release|Any CPU.ActiveCfg = Release|Any CPU
		{5A7647F4-CADB-42BD-890E-F3B7F5B5142E}.Release|Any CPU.Build.0 = Release|Any CPU
		{36D29C1A-DA18-48D1-A1D9-C35B98BCF30A}.Debug|Any CPU.ActiveCfg = Debug|Any CPU
		{36D29C1A-DA18-48D1-A1D9-C35B98BCF30A}.Debug|Any CPU.Build.0 = Debug|Any CPU
		{36D29C1A-DA18-48D1-A1D9-C35B98BCF30A}.Release|Any CPU.ActiveCfg = Release|Any CPU
		{36D29C1A-DA18-48D1-A1D9-C35B98BCF30A}.Release|Any CPU.Build.0 = Release|Any CPU
		{A830EA44-67E6-4417-8504-3854DEDD899E}.Debug|Any CPU.ActiveCfg = Debug|Any CPU
		{A830EA44-67E6-4417-8504-3854DEDD899E}.Debug|Any CPU.Build.0 = Debug|Any CPU
		{A830EA44-67E6-4417-8504-3854DEDD899E}.Release|Any CPU.ActiveCfg = Release|Any CPU
		{A830EA44-67E6-4417-8504-3854DEDD899E}.Release|Any CPU.Build.0 = Release|Any CPU
		{923A1F76-ADC7-4169-A821-08CFE330F370}.Debug|Any CPU.ActiveCfg = Debug|Any CPU
		{923A1F76-ADC7-4169-A821-08CFE330F370}.Debug|Any CPU.Build.0 = Debug|Any CPU
		{923A1F76-ADC7-4169-A821-08CFE330F370}.Release|Any CPU.ActiveCfg = Release|Any CPU
		{923A1F76-ADC7-4169-A821-08CFE330F370}.Release|Any CPU.Build.0 = Release|Any CPU
		{B8173643-A5FE-4D78-982E-3EA3B4093E99}.Debug|Any CPU.ActiveCfg = Debug|Any CPU
		{B8173643-A5FE-4D78-982E-3EA3B4093E99}.Debug|Any CPU.Build.0 = Debug|Any CPU
		{B8173643-A5FE-4D78-982E-3EA3B4093E99}.Release|Any CPU.ActiveCfg = Release|Any CPU
		{B8173643-A5FE-4D78-982E-3EA3B4093E99}.Release|Any CPU.Build.0 = Release|Any CPU
		{2C07C1AA-6E97-43B3-A2BD-8DC12FB14FF0}.Debug|Any CPU.ActiveCfg = Debug|Any CPU
		{2C07C1AA-6E97-43B3-A2BD-8DC12FB14FF0}.Debug|Any CPU.Build.0 = Debug|Any CPU
		{2C07C1AA-6E97-43B3-A2BD-8DC12FB14FF0}.Release|Any CPU.ActiveCfg = Release|Any CPU
		{2C07C1AA-6E97-43B3-A2BD-8DC12FB14FF0}.Release|Any CPU.Build.0 = Release|Any CPU
		{6C7DCD5F-7B6B-4C1E-8C34-EE74BA6B09A0}.Debug|Any CPU.ActiveCfg = Debug|Any CPU
		{6C7DCD5F-7B6B-4C1E-8C34-EE74BA6B09A0}.Debug|Any CPU.Build.0 = Debug|Any CPU
		{6C7DCD5F-7B6B-4C1E-8C34-EE74BA6B09A0}.Release|Any CPU.ActiveCfg = Release|Any CPU
		{6C7DCD5F-7B6B-4C1E-8C34-EE74BA6B09A0}.Release|Any CPU.Build.0 = Release|Any CPU
		{ADBECF8D-5617-4F26-AB17-373F8DCFEEC3}.Debug|Any CPU.ActiveCfg = Debug|Any CPU
		{ADBECF8D-5617-4F26-AB17-373F8DCFEEC3}.Debug|Any CPU.Build.0 = Debug|Any CPU
		{ADBECF8D-5617-4F26-AB17-373F8DCFEEC3}.Release|Any CPU.ActiveCfg = Release|Any CPU
		{ADBECF8D-5617-4F26-AB17-373F8DCFEEC3}.Release|Any CPU.Build.0 = Release|Any CPU
		{F0FF5F2C-9FFE-42E1-A635-671D14AF5C09}.Debug|Any CPU.ActiveCfg = Debug|Any CPU
		{F0FF5F2C-9FFE-42E1-A635-671D14AF5C09}.Debug|Any CPU.Build.0 = Debug|Any CPU
		{F0FF5F2C-9FFE-42E1-A635-671D14AF5C09}.Release|Any CPU.ActiveCfg = Release|Any CPU
		{F0FF5F2C-9FFE-42E1-A635-671D14AF5C09}.Release|Any CPU.Build.0 = Release|Any CPU
		{26B142B5-FCD9-4FC1-9FD6-2303FC8DD603}.Debug|Any CPU.ActiveCfg = Debug|Any CPU
		{26B142B5-FCD9-4FC1-9FD6-2303FC8DD603}.Debug|Any CPU.Build.0 = Debug|Any CPU
		{26B142B5-FCD9-4FC1-9FD6-2303FC8DD603}.Release|Any CPU.ActiveCfg = Release|Any CPU
		{26B142B5-FCD9-4FC1-9FD6-2303FC8DD603}.Release|Any CPU.Build.0 = Release|Any CPU
		{A95A776E-D4C5-4AC6-84CF-10AA2C7BACCF}.Debug|Any CPU.ActiveCfg = Debug|Any CPU
		{A95A776E-D4C5-4AC6-84CF-10AA2C7BACCF}.Debug|Any CPU.Build.0 = Debug|Any CPU
		{A95A776E-D4C5-4AC6-84CF-10AA2C7BACCF}.Release|Any CPU.ActiveCfg = Release|Any CPU
		{A95A776E-D4C5-4AC6-84CF-10AA2C7BACCF}.Release|Any CPU.Build.0 = Release|Any CPU
		{111670C4-1547-4A6D-A745-76DC4D078787}.Debug|Any CPU.ActiveCfg = Debug|Any CPU
		{111670C4-1547-4A6D-A745-76DC4D078787}.Debug|Any CPU.Build.0 = Debug|Any CPU
		{111670C4-1547-4A6D-A745-76DC4D078787}.Release|Any CPU.ActiveCfg = Release|Any CPU
		{111670C4-1547-4A6D-A745-76DC4D078787}.Release|Any CPU.Build.0 = Release|Any CPU
		{1D29023D-E5CD-4317-8C73-B5242CE68AC8}.Debug|Any CPU.ActiveCfg = Debug|Any CPU
		{1D29023D-E5CD-4317-8C73-B5242CE68AC8}.Debug|Any CPU.Build.0 = Debug|Any CPU
		{1D29023D-E5CD-4317-8C73-B5242CE68AC8}.Release|Any CPU.ActiveCfg = Release|Any CPU
		{1D29023D-E5CD-4317-8C73-B5242CE68AC8}.Release|Any CPU.Build.0 = Release|Any CPU
		{F91177C8-6E6F-41BE-B08B-6483AAB7A620}.Debug|Any CPU.ActiveCfg = Debug|Any CPU
		{F91177C8-6E6F-41BE-B08B-6483AAB7A620}.Debug|Any CPU.Build.0 = Debug|Any CPU
		{F91177C8-6E6F-41BE-B08B-6483AAB7A620}.Release|Any CPU.ActiveCfg = Release|Any CPU
		{F91177C8-6E6F-41BE-B08B-6483AAB7A620}.Release|Any CPU.Build.0 = Release|Any CPU
		{A51472E0-9F57-425D-83D3-0EBC2F5C5495}.Debug|Any CPU.ActiveCfg = Debug|Any CPU
		{A51472E0-9F57-425D-83D3-0EBC2F5C5495}.Debug|Any CPU.Build.0 = Debug|Any CPU
		{A51472E0-9F57-425D-83D3-0EBC2F5C5495}.Release|Any CPU.ActiveCfg = Release|Any CPU
		{A51472E0-9F57-425D-83D3-0EBC2F5C5495}.Release|Any CPU.Build.0 = Release|Any CPU
		{09DA0A78-4B7F-4C67-973C-DA4FAD5743E4}.Debug|Any CPU.ActiveCfg = Debug|Any CPU
		{09DA0A78-4B7F-4C67-973C-DA4FAD5743E4}.Debug|Any CPU.Build.0 = Debug|Any CPU
		{09DA0A78-4B7F-4C67-973C-DA4FAD5743E4}.Release|Any CPU.ActiveCfg = Release|Any CPU
		{09DA0A78-4B7F-4C67-973C-DA4FAD5743E4}.Release|Any CPU.Build.0 = Release|Any CPU
		{0FB8BC77-8797-43DA-B973-FD1F00C24DB1}.Debug|Any CPU.ActiveCfg = Debug|Any CPU
		{0FB8BC77-8797-43DA-B973-FD1F00C24DB1}.Debug|Any CPU.Build.0 = Debug|Any CPU
		{0FB8BC77-8797-43DA-B973-FD1F00C24DB1}.Release|Any CPU.ActiveCfg = Release|Any CPU
		{0FB8BC77-8797-43DA-B973-FD1F00C24DB1}.Release|Any CPU.Build.0 = Release|Any CPU
		{3226DC2F-3803-43B6-957D-C6A7B9615965}.Debug|Any CPU.ActiveCfg = Debug|Any CPU
		{3226DC2F-3803-43B6-957D-C6A7B9615965}.Debug|Any CPU.Build.0 = Debug|Any CPU
		{3226DC2F-3803-43B6-957D-C6A7B9615965}.Release|Any CPU.ActiveCfg = Release|Any CPU
		{3226DC2F-3803-43B6-957D-C6A7B9615965}.Release|Any CPU.Build.0 = Release|Any CPU
		{26402C03-10D0-4E8E-BDF0-0C31F6BC3BB7}.Debug|Any CPU.ActiveCfg = Debug|Any CPU
		{26402C03-10D0-4E8E-BDF0-0C31F6BC3BB7}.Debug|Any CPU.Build.0 = Debug|Any CPU
		{26402C03-10D0-4E8E-BDF0-0C31F6BC3BB7}.Release|Any CPU.ActiveCfg = Release|Any CPU
		{26402C03-10D0-4E8E-BDF0-0C31F6BC3BB7}.Release|Any CPU.Build.0 = Release|Any CPU
		{E04746F5-438B-4414-AD99-12EA214DCEE4}.Debug|Any CPU.ActiveCfg = Debug|Any CPU
		{E04746F5-438B-4414-AD99-12EA214DCEE4}.Debug|Any CPU.Build.0 = Debug|Any CPU
		{E04746F5-438B-4414-AD99-12EA214DCEE4}.Release|Any CPU.ActiveCfg = Release|Any CPU
		{E04746F5-438B-4414-AD99-12EA214DCEE4}.Release|Any CPU.Build.0 = Release|Any CPU
		{5E08F0B7-8966-0912-161D-8C1A48C3A7A7}.Debug|Any CPU.ActiveCfg = Debug|Any CPU
		{5E08F0B7-8966-0912-161D-8C1A48C3A7A7}.Debug|Any CPU.Build.0 = Debug|Any CPU
		{5E08F0B7-8966-0912-161D-8C1A48C3A7A7}.Release|Any CPU.ActiveCfg = Release|Any CPU
		{5E08F0B7-8966-0912-161D-8C1A48C3A7A7}.Release|Any CPU.Build.0 = Release|Any CPU
		{832C4CF0-3271-21AF-E91B-4FDE2E0CE1E3}.Debug|Any CPU.ActiveCfg = Debug|Any CPU
		{832C4CF0-3271-21AF-E91B-4FDE2E0CE1E3}.Debug|Any CPU.Build.0 = Debug|Any CPU
		{832C4CF0-3271-21AF-E91B-4FDE2E0CE1E3}.Release|Any CPU.ActiveCfg = Release|Any CPU
		{832C4CF0-3271-21AF-E91B-4FDE2E0CE1E3}.Release|Any CPU.Build.0 = Release|Any CPU
	EndGlobalSection
	GlobalSection(SolutionProperties) = preSolution
		HideSolutionNode = FALSE
	EndGlobalSection
	GlobalSection(NestedProjects) = preSolution
		{5724BB80-6B23-4A18-B940-CC609FEEA02F} = {36D591C7-65C7-A0D1-1CBC-10CDE441BDC8}
		{DA8A7032-0074-48B8-BF0E-D16BE2F8FBD4} = {36D591C7-65C7-A0D1-1CBC-10CDE441BDC8}
		{4AE45E63-B6DE-4AAE-BB00-C0DF3A85AFCD} = {DA8A7032-0074-48B8-BF0E-D16BE2F8FBD4}
		{9C7E48EB-B792-4421-A788-F2B8B4D70204} = {DA8A7032-0074-48B8-BF0E-D16BE2F8FBD4}
		{FD7E420F-1BD3-42D6-ABAC-2668D356ABD3} = {DA8A7032-0074-48B8-BF0E-D16BE2F8FBD4}
		{9B488323-5FE2-472B-A2BC-5C3BD136FA9C} = {DA8A7032-0074-48B8-BF0E-D16BE2F8FBD4}
		{B435FAC5-888D-468D-88A8-8D6D65830209} = {DA8A7032-0074-48B8-BF0E-D16BE2F8FBD4}
		{A9F3187D-7E67-45A7-B72F-5CD2E479039D} = {36D591C7-65C7-A0D1-1CBC-10CDE441BDC8}
		{96508956-9C07-4A47-BCE8-58F6756D12BC} = {A9F3187D-7E67-45A7-B72F-5CD2E479039D}
		{21FB54D5-0E19-477A-9AA7-05ED2B500FC0} = {A9F3187D-7E67-45A7-B72F-5CD2E479039D}
		{E7D7B721-83AF-40F0-9A05-90FDF5105F70} = {A9F3187D-7E67-45A7-B72F-5CD2E479039D}
		{06B42C4A-A268-4966-AE95-4FF35B747E0E} = {A9F3187D-7E67-45A7-B72F-5CD2E479039D}
		{9E1BDB5A-A76E-44DD-AE28-D149B0EB3EE3} = {A9F3187D-7E67-45A7-B72F-5CD2E479039D}
		{5A7647F4-CADB-42BD-890E-F3B7F5B5142E} = {A9F3187D-7E67-45A7-B72F-5CD2E479039D}
		{36D29C1A-DA18-48D1-A1D9-C35B98BCF30A} = {A9F3187D-7E67-45A7-B72F-5CD2E479039D}
		{A830EA44-67E6-4417-8504-3854DEDD899E} = {A9F3187D-7E67-45A7-B72F-5CD2E479039D}
		{923A1F76-ADC7-4169-A821-08CFE330F370} = {A9F3187D-7E67-45A7-B72F-5CD2E479039D}
		{B8173643-A5FE-4D78-982E-3EA3B4093E99} = {A9F3187D-7E67-45A7-B72F-5CD2E479039D}
		{2C07C1AA-6E97-43B3-A2BD-8DC12FB14FF0} = {A9F3187D-7E67-45A7-B72F-5CD2E479039D}
		{7C2E8996-236A-47F1-B24C-A55619979D5B} = {36D591C7-65C7-A0D1-1CBC-10CDE441BDC8}
		{6C7DCD5F-7B6B-4C1E-8C34-EE74BA6B09A0} = {7C2E8996-236A-47F1-B24C-A55619979D5B}
		{ADBECF8D-5617-4F26-AB17-373F8DCFEEC3} = {7C2E8996-236A-47F1-B24C-A55619979D5B}
		{F0FF5F2C-9FFE-42E1-A635-671D14AF5C09} = {7C2E8996-236A-47F1-B24C-A55619979D5B}
		{26B142B5-FCD9-4FC1-9FD6-2303FC8DD603} = {7C2E8996-236A-47F1-B24C-A55619979D5B}
		{A95A776E-D4C5-4AC6-84CF-10AA2C7BACCF} = {7C2E8996-236A-47F1-B24C-A55619979D5B}
		{111670C4-1547-4A6D-A745-76DC4D078787} = {7C2E8996-236A-47F1-B24C-A55619979D5B}
		{1D29023D-E5CD-4317-8C73-B5242CE68AC8} = {7C2E8996-236A-47F1-B24C-A55619979D5B}
		{0AD019E8-A413-407C-8A6E-15C021EEA983} = {36D591C7-65C7-A0D1-1CBC-10CDE441BDC8}
		{F91177C8-6E6F-41BE-B08B-6483AAB7A620} = {0AD019E8-A413-407C-8A6E-15C021EEA983}
		{A51472E0-9F57-425D-83D3-0EBC2F5C5495} = {0AD019E8-A413-407C-8A6E-15C021EEA983}
		{09DA0A78-4B7F-4C67-973C-DA4FAD5743E4} = {0AD019E8-A413-407C-8A6E-15C021EEA983}
		{0FB8BC77-8797-43DA-B973-FD1F00C24DB1} = {0AD019E8-A413-407C-8A6E-15C021EEA983}
		{3226DC2F-3803-43B6-957D-C6A7B9615965} = {0AD019E8-A413-407C-8A6E-15C021EEA983}
		{26402C03-10D0-4E8E-BDF0-0C31F6BC3BB7} = {DA8A7032-0074-48B8-BF0E-D16BE2F8FBD4}
		{250ADF59-D06A-4502-A9F7-0B2A0813C703} = {36D591C7-65C7-A0D1-1CBC-10CDE441BDC8}
		{E04746F5-438B-4414-AD99-12EA214DCEE4} = {250ADF59-D06A-4502-A9F7-0B2A0813C703}
		{DC7EF512-3286-4326-87BC-57B53726D302} = {B0F1BD0B-8C79-47B7-BD10-3929E9314954}
		{5E08F0B7-8966-0912-161D-8C1A48C3A7A7} = {DC7EF512-3286-4326-87BC-57B53726D302}
		{832C4CF0-3271-21AF-E91B-4FDE2E0CE1E3} = {DC7EF512-3286-4326-87BC-57B53726D302}
	EndGlobalSection
	GlobalSection(ExtensibilityGlobals) = postSolution
		SolutionGuid = {6EDBBCD8-FA91-4671-A88E-6472B2320199}
	EndGlobalSection
EndGlobal
